// !$*UTF8*$!
{
	archiveVersion = 1;
	classes = {
	};
	objectVersion = 56;
	objects = {

/* Begin PBXBuildFile section */
		2A32189A2A2A20AD007D60D5 /* AppDelegate.swift in Sources */ = {isa = PBXBuildFile; fileRef = 2A3218992A2A20AD007D60D5 /* AppDelegate.swift */; };
		2A32189C2A2A20AD007D60D5 /* SceneDelegate.swift in Sources */ = {isa = PBXBuildFile; fileRef = 2A32189B2A2A20AD007D60D5 /* SceneDelegate.swift */; };
		2A32189E2A2A20AD007D60D5 /* WeatherViewController.swift in Sources */ = {isa = PBXBuildFile; fileRef = 2A32189D2A2A20AD007D60D5 /* WeatherViewController.swift */; };
		2A3218A12A2A20AD007D60D5 /* Main.storyboard in Resources */ = {isa = PBXBuildFile; fileRef = 2A32189F2A2A20AD007D60D5 /* Main.storyboard */; };
		2A3218A32A2A20AF007D60D5 /* Assets.xcassets in Resources */ = {isa = PBXBuildFile; fileRef = 2A3218A22A2A20AF007D60D5 /* Assets.xcassets */; };
		2A3218A62A2A20AF007D60D5 /* LaunchScreen.storyboard in Resources */ = {isa = PBXBuildFile; fileRef = 2A3218A42A2A20AF007D60D5 /* LaunchScreen.storyboard */; };
		2A3218B32A2A6117007D60D5 /* Weather.swift in Sources */ = {isa = PBXBuildFile; fileRef = 2A3218B22A2A6117007D60D5 /* Weather.swift */; };
		2A3218B52A2A6170007D60D5 /* WeatherWebService.swift in Sources */ = {isa = PBXBuildFile; fileRef = 2A3218B42A2A6170007D60D5 /* WeatherWebService.swift */; };
		2A3218B72A2A6647007D60D5 /* AlertView.swift in Sources */ = {isa = PBXBuildFile; fileRef = 2A3218B62A2A6647007D60D5 /* AlertView.swift */; };
/* End PBXBuildFile section */

/* Begin PBXFileReference section */
		2A3218962A2A20AD007D60D5 /* OpenWeatherApp.app */ = {isa = PBXFileReference; explicitFileType = wrapper.application; includeInIndex = 0; path = OpenWeatherApp.app; sourceTree = BUILT_PRODUCTS_DIR; };
		2A3218992A2A20AD007D60D5 /* AppDelegate.swift */ = {isa = PBXFileReference; lastKnownFileType = sourcecode.swift; path = AppDelegate.swift; sourceTree = "<group>"; };
		2A32189B2A2A20AD007D60D5 /* SceneDelegate.swift */ = {isa = PBXFileReference; lastKnownFileType = sourcecode.swift; path = SceneDelegate.swift; sourceTree = "<group>"; };
		2A32189D2A2A20AD007D60D5 /* WeatherViewController.swift */ = {isa = PBXFileReference; lastKnownFileType = sourcecode.swift; path = WeatherViewController.swift; sourceTree = "<group>"; };
		2A3218A02A2A20AD007D60D5 /* Base */ = {isa = PBXFileReference; lastKnownFileType = file.storyboard; name = Base; path = Base.lproj/Main.storyboard; sourceTree = "<group>"; };
		2A3218A22A2A20AF007D60D5 /* Assets.xcassets */ = {isa = PBXFileReference; lastKnownFileType = folder.assetcatalog; path = Assets.xcassets; sourceTree = "<group>"; };
		2A3218A52A2A20AF007D60D5 /* Base */ = {isa = PBXFileReference; lastKnownFileType = file.storyboard; name = Base; path = Base.lproj/LaunchScreen.storyboard; sourceTree = "<group>"; };
		2A3218A72A2A20AF007D60D5 /* Info.plist */ = {isa = PBXFileReference; lastKnownFileType = text.plist.xml; path = Info.plist; sourceTree = "<group>"; };
		2A3218B22A2A6117007D60D5 /* Weather.swift */ = {isa = PBXFileReference; lastKnownFileType = sourcecode.swift; path = Weather.swift; sourceTree = "<group>"; };
		2A3218B42A2A6170007D60D5 /* WeatherWebService.swift */ = {isa = PBXFileReference; lastKnownFileType = sourcecode.swift; path = WeatherWebService.swift; sourceTree = "<group>"; };
		2A3218B62A2A6647007D60D5 /* AlertView.swift */ = {isa = PBXFileReference; lastKnownFileType = sourcecode.swift; path = AlertView.swift; sourceTree = "<group>"; };
		2A3218B82A2A7176007D60D5 /* Config.xcconfig */ = {isa = PBXFileReference; lastKnownFileType = text.xcconfig; name = Config.xcconfig; path = OpenWeatherApp/Config.xcconfig; sourceTree = SOURCE_ROOT; };
/* End PBXFileReference section */

/* Begin PBXFrameworksBuildPhase section */
		2A3218932A2A20AD007D60D5 /* Frameworks */ = {
			isa = PBXFrameworksBuildPhase;
			buildActionMask = 2147483647;
			files = (
			);
			runOnlyForDeploymentPostprocessing = 0;
		};
/* End PBXFrameworksBuildPhase section */

/* Begin PBXGroup section */
		2A32188D2A2A20AD007D60D5 = {
			isa = PBXGroup;
			children = (
				2A3218982A2A20AD007D60D5 /* OpenWeatherApp */,
				2A3218972A2A20AD007D60D5 /* Products */,
			);
			sourceTree = "<group>";
		};
		2A3218972A2A20AD007D60D5 /* Products */ = {
			isa = PBXGroup;
			children = (
				2A3218962A2A20AD007D60D5 /* OpenWeatherApp.app */,
			);
			name = Products;
			sourceTree = "<group>";
		};
		2A3218982A2A20AD007D60D5 /* OpenWeatherApp */ = {
			isa = PBXGroup;
			children = (
				2A3218A72A2A20AF007D60D5 /* Info.plist */,
				2A3218992A2A20AD007D60D5 /* AppDelegate.swift */,
				2A32189B2A2A20AD007D60D5 /* SceneDelegate.swift */,
				2A3218AD2A2A602F007D60D5 /* Classes */,
				2A3218AE2A2A604F007D60D5 /* Storyboards */,
				2A3218B02A2A60C7007D60D5 /* Resources */,
			);
			path = OpenWeatherApp;
			sourceTree = "<group>";
		};
		2A3218AD2A2A602F007D60D5 /* Classes */ = {
			isa = PBXGroup;
			children = (
				2A3218B12A2A60FA007D60D5 /* Models */,
				2A3218AF2A2A60C0007D60D5 /* Services */,
				2A32189D2A2A20AD007D60D5 /* WeatherViewController.swift */,
				2A3218B62A2A6647007D60D5 /* AlertView.swift */,
				2A3218B82A2A7176007D60D5 /* Config.xcconfig */,
			);
			path = Classes;
			sourceTree = "<group>";
		};
		2A3218AE2A2A604F007D60D5 /* Storyboards */ = {
			isa = PBXGroup;
			children = (
				2A3218A42A2A20AF007D60D5 /* LaunchScreen.storyboard */,
				2A32189F2A2A20AD007D60D5 /* Main.storyboard */,
			);
			path = Storyboards;
			sourceTree = "<group>";
		};
		2A3218AF2A2A60C0007D60D5 /* Services */ = {
			isa = PBXGroup;
			children = (
				2A3218B42A2A6170007D60D5 /* WeatherWebService.swift */,
			);
			path = Services;
			sourceTree = "<group>";
		};
		2A3218B02A2A60C7007D60D5 /* Resources */ = {
			isa = PBXGroup;
			children = (
				2A3218A22A2A20AF007D60D5 /* Assets.xcassets */,
			);
			path = Resources;
			sourceTree = "<group>";
		};
		2A3218B12A2A60FA007D60D5 /* Models */ = {
			isa = PBXGroup;
			children = (
				2A3218B22A2A6117007D60D5 /* Weather.swift */,
			);
			path = Models;
			sourceTree = "<group>";
		};
/* End PBXGroup section */

/* Begin PBXNativeTarget section */
		2A3218952A2A20AD007D60D5 /* OpenWeatherApp */ = {
			isa = PBXNativeTarget;
			buildConfigurationList = 2A3218AA2A2A20AF007D60D5 /* Build configuration list for PBXNativeTarget "OpenWeatherApp" */;
			buildPhases = (
				2A3218922A2A20AD007D60D5 /* Sources */,
				2A3218932A2A20AD007D60D5 /* Frameworks */,
				2A3218942A2A20AD007D60D5 /* Resources */,
			);
			buildRules = (
			);
			dependencies = (
			);
			name = OpenWeatherApp;
			productName = OpenWeatherApp;
			productReference = 2A3218962A2A20AD007D60D5 /* OpenWeatherApp.app */;
			productType = "com.apple.product-type.application";
		};
/* End PBXNativeTarget section */

/* Begin PBXProject section */
		2A32188E2A2A20AD007D60D5 /* Project object */ = {
			isa = PBXProject;
			attributes = {
				BuildIndependentTargetsInParallel = 1;
				LastSwiftUpdateCheck = 1430;
				LastUpgradeCheck = 1430;
				TargetAttributes = {
					2A3218952A2A20AD007D60D5 = {
						CreatedOnToolsVersion = 14.3;
					};
				};
			};
			buildConfigurationList = 2A3218912A2A20AD007D60D5 /* Build configuration list for PBXProject "OpenWeatherApp" */;
			compatibilityVersion = "Xcode 14.0";
			developmentRegion = en;
			hasScannedForEncodings = 0;
			knownRegions = (
				en,
				Base,
			);
			mainGroup = 2A32188D2A2A20AD007D60D5;
			productRefGroup = 2A3218972A2A20AD007D60D5 /* Products */;
			projectDirPath = "";
			projectRoot = "";
			targets = (
				2A3218952A2A20AD007D60D5 /* OpenWeatherApp */,
			);
		};
/* End PBXProject section */

/* Begin PBXResourcesBuildPhase section */
		2A3218942A2A20AD007D60D5 /* Resources */ = {
			isa = PBXResourcesBuildPhase;
			buildActionMask = 2147483647;
			files = (
				2A3218A62A2A20AF007D60D5 /* LaunchScreen.storyboard in Resources */,
				2A3218A32A2A20AF007D60D5 /* Assets.xcassets in Resources */,
				2A3218A12A2A20AD007D60D5 /* Main.storyboard in Resources */,
			);
			runOnlyForDeploymentPostprocessing = 0;
		};
/* End PBXResourcesBuildPhase section */

/* Begin PBXSourcesBuildPhase section */
		2A3218922A2A20AD007D60D5 /* Sources */ = {
			isa = PBXSourcesBuildPhase;
			buildActionMask = 2147483647;
			files = (
				2A3218B32A2A6117007D60D5 /* Weather.swift in Sources */,
				2A32189E2A2A20AD007D60D5 /* WeatherViewController.swift in Sources */,
				2A32189A2A2A20AD007D60D5 /* AppDelegate.swift in Sources */,
				2A3218B52A2A6170007D60D5 /* WeatherWebService.swift in Sources */,
				2A32189C2A2A20AD007D60D5 /* SceneDelegate.swift in Sources */,
				2A3218B72A2A6647007D60D5 /* AlertView.swift in Sources */,
			);
			runOnlyForDeploymentPostprocessing = 0;
		};
/* End PBXSourcesBuildPhase section */

/* Begin PBXVariantGroup section */
		2A32189F2A2A20AD007D60D5 /* Main.storyboard */ = {
			isa = PBXVariantGroup;
			children = (
				2A3218A02A2A20AD007D60D5 /* Base */,
			);
			name = Main.storyboard;
			sourceTree = "<group>";
		};
		2A3218A42A2A20AF007D60D5 /* LaunchScreen.storyboard */ = {
			isa = PBXVariantGroup;
			children = (
				2A3218A52A2A20AF007D60D5 /* Base */,
			);
			name = LaunchScreen.storyboard;
			sourceTree = "<group>";
		};
/* End PBXVariantGroup section */

/* Begin XCBuildConfiguration section */
		2A3218A82A2A20AF007D60D5 /* Debug */ = {
			isa = XCBuildConfiguration;
			baseConfigurationReference = 2A3218B82A2A7176007D60D5 /* Config.xcconfig */;
			buildSettings = {
				ALWAYS_SEARCH_USER_PATHS = NO;
				CLANG_ANALYZER_NONNULL = YES;
				CLANG_ANALYZER_NUMBER_OBJECT_CONVERSION = YES_AGGRESSIVE;
				CLANG_CXX_LANGUAGE_STANDARD = "gnu++20";
				CLANG_ENABLE_MODULES = YES;
				CLANG_ENABLE_OBJC_ARC = YES;
				CLANG_ENABLE_OBJC_WEAK = YES;
				CLANG_WARN_BLOCK_CAPTURE_AUTORELEASING = YES;
				CLANG_WARN_BOOL_CONVERSION = YES;
				CLANG_WARN_COMMA = YES;
				CLANG_WARN_CONSTANT_CONVERSION = YES;
				CLANG_WARN_DEPRECATED_OBJC_IMPLEMENTATIONS = YES;
				CLANG_WARN_DIRECT_OBJC_ISA_USAGE = YES_ERROR;
				CLANG_WARN_DOCUMENTATION_COMMENTS = YES;
				CLANG_WARN_EMPTY_BODY = YES;
				CLANG_WARN_ENUM_CONVERSION = YES;
				CLANG_WARN_INFINITE_RECURSION = YES;
				CLANG_WARN_INT_CONVERSION = YES;
				CLANG_WARN_NON_LITERAL_NULL_CONVERSION = YES;
				CLANG_WARN_OBJC_IMPLICIT_RETAIN_SELF = YES;
				CLANG_WARN_OBJC_LITERAL_CONVERSION = YES;
				CLANG_WARN_OBJC_ROOT_CLASS = YES_ERROR;
				CLANG_WARN_QUOTED_INCLUDE_IN_FRAMEWORK_HEADER = YES;
				CLANG_WARN_RANGE_LOOP_ANALYSIS = YES;
				CLANG_WARN_STRICT_PROTOTYPES = YES;
				CLANG_WARN_SUSPICIOUS_MOVE = YES;
				CLANG_WARN_UNGUARDED_AVAILABILITY = YES_AGGRESSIVE;
				CLANG_WARN_UNREACHABLE_CODE = YES;
				CLANG_WARN__DUPLICATE_METHOD_MATCH = YES;
				COPY_PHASE_STRIP = NO;
				DEBUG_INFORMATION_FORMAT = dwarf;
				ENABLE_STRICT_OBJC_MSGSEND = YES;
				ENABLE_TESTABILITY = YES;
				GCC_C_LANGUAGE_STANDARD = gnu11;
				GCC_DYNAMIC_NO_PIC = NO;
				GCC_NO_COMMON_BLOCKS = YES;
				GCC_OPTIMIZATION_LEVEL = 0;
				GCC_PREPROCESSOR_DEFINITIONS = (
					"DEBUG=1",
					"$(inherited)",
				);
				GCC_WARN_64_TO_32_BIT_CONVERSION = YES;
				GCC_WARN_ABOUT_RETURN_TYPE = YES_ERROR;
				GCC_WARN_UNDECLARED_SELECTOR = YES;
				GCC_WARN_UNINITIALIZED_AUTOS = YES_AGGRESSIVE;
				GCC_WARN_UNUSED_FUNCTION = YES;
				GCC_WARN_UNUSED_VARIABLE = YES;
				IPHONEOS_DEPLOYMENT_TARGET = 16.4;
				MTL_ENABLE_DEBUG_INFO = INCLUDE_SOURCE;
				MTL_FAST_MATH = YES;
				ONLY_ACTIVE_ARCH = YES;
				SDKROOT = iphoneos;
				SWIFT_ACTIVE_COMPILATION_CONDITIONS = DEBUG;
				SWIFT_OPTIMIZATION_LEVEL = "-Onone";
			};
			name = Debug;
		};
		2A3218A92A2A20AF007D60D5 /* Release */ = {
			isa = XCBuildConfiguration;
			baseConfigurationReference = 2A3218B82A2A7176007D60D5 /* Config.xcconfig */;
			buildSettings = {
				ALWAYS_SEARCH_USER_PATHS = NO;
				CLANG_ANALYZER_NONNULL = YES;
				CLANG_ANALYZER_NUMBER_OBJECT_CONVERSION = YES_AGGRESSIVE;
				CLANG_CXX_LANGUAGE_STANDARD = "gnu++20";
				CLANG_ENABLE_MODULES = YES;
				CLANG_ENABLE_OBJC_ARC = YES;
				CLANG_ENABLE_OBJC_WEAK = YES;
				CLANG_WARN_BLOCK_CAPTURE_AUTORELEASING = YES;
				CLANG_WARN_BOOL_CONVERSION = YES;
				CLANG_WARN_COMMA = YES;
				CLANG_WARN_CONSTANT_CONVERSION = YES;
				CLANG_WARN_DEPRECATED_OBJC_IMPLEMENTATIONS = YES;
				CLANG_WARN_DIRECT_OBJC_ISA_USAGE = YES_ERROR;
				CLANG_WARN_DOCUMENTATION_COMMENTS = YES;
				CLANG_WARN_EMPTY_BODY = YES;
				CLANG_WARN_ENUM_CONVERSION = YES;
				CLANG_WARN_INFINITE_RECURSION = YES;
				CLANG_WARN_INT_CONVERSION = YES;
				CLANG_WARN_NON_LITERAL_NULL_CONVERSION = YES;
				CLANG_WARN_OBJC_IMPLICIT_RETAIN_SELF = YES;
				CLANG_WARN_OBJC_LITERAL_CONVERSION = YES;
				CLANG_WARN_OBJC_ROOT_CLASS = YES_ERROR;
				CLANG_WARN_QUOTED_INCLUDE_IN_FRAMEWORK_HEADER = YES;
				CLANG_WARN_RANGE_LOOP_ANALYSIS = YES;
				CLANG_WARN_STRICT_PROTOTYPES = YES;
				CLANG_WARN_SUSPICIOUS_MOVE = YES;
				CLANG_WARN_UNGUARDED_AVAILABILITY = YES_AGGRESSIVE;
				CLANG_WARN_UNREACHABLE_CODE = YES;
				CLANG_WARN__DUPLICATE_METHOD_MATCH = YES;
				COPY_PHASE_STRIP = NO;
				DEBUG_INFORMATION_FORMAT = "dwarf-with-dsym";
				ENABLE_NS_ASSERTIONS = NO;
				ENABLE_STRICT_OBJC_MSGSEND = YES;
				GCC_C_LANGUAGE_STANDARD = gnu11;
				GCC_NO_COMMON_BLOCKS = YES;
				GCC_WARN_64_TO_32_BIT_CONVERSION = YES;
				GCC_WARN_ABOUT_RETURN_TYPE = YES_ERROR;
				GCC_WARN_UNDECLARED_SELECTOR = YES;
				GCC_WARN_UNINITIALIZED_AUTOS = YES_AGGRESSIVE;
				GCC_WARN_UNUSED_FUNCTION = YES;
				GCC_WARN_UNUSED_VARIABLE = YES;
				IPHONEOS_DEPLOYMENT_TARGET = 16.4;
				MTL_ENABLE_DEBUG_INFO = NO;
				MTL_FAST_MATH = YES;
				SDKROOT = iphoneos;
				SWIFT_COMPILATION_MODE = wholemodule;
				SWIFT_OPTIMIZATION_LEVEL = "-O";
				VALIDATE_PRODUCT = YES;
			};
			name = Release;
		};
		2A3218AB2A2A20AF007D60D5 /* Debug */ = {
			isa = XCBuildConfiguration;
			buildSettings = {
				ASSETCATALOG_COMPILER_APPICON_NAME = AppIcon;
				ASSETCATALOG_COMPILER_GLOBAL_ACCENT_COLOR_NAME = AccentColor;
				CODE_SIGN_STYLE = Manual;
				CURRENT_PROJECT_VERSION = 1;
				DEVELOPMENT_TEAM = "";
				GENERATE_INFOPLIST_FILE = YES;
				INFOPLIST_FILE = OpenWeatherApp/Info.plist;
				INFOPLIST_KEY_UIApplicationSupportsIndirectInputEvents = YES;
				INFOPLIST_KEY_UILaunchStoryboardName = LaunchScreen;
				INFOPLIST_KEY_UIMainStoryboardFile = Main;
				INFOPLIST_KEY_UISupportedInterfaceOrientations_iPad = "UIInterfaceOrientationPortrait UIInterfaceOrientationPortraitUpsideDown UIInterfaceOrientationLandscapeLeft UIInterfaceOrientationLandscapeRight";
				INFOPLIST_KEY_UISupportedInterfaceOrientations_iPhone = "UIInterfaceOrientationPortrait UIInterfaceOrientationLandscapeLeft UIInterfaceOrientationLandscapeRight";
				LD_RUNPATH_SEARCH_PATHS = (
					"$(inherited)",
					"@executable_path/Frameworks",
				);
				MARKETING_VERSION = 1.0;
				PRODUCT_BUNDLE_IDENTIFIER = com.openweather.sample.app.OpenWeatherApp;
				PRODUCT_NAME = "$(TARGET_NAME)";
				PROVISIONING_PROFILE_SPECIFIER = "";
				SWIFT_EMIT_LOC_STRINGS = YES;
				SWIFT_VERSION = 5.0;
				TARGETED_DEVICE_FAMILY = "1,2";
			};
			name = Debug;
		};
		2A3218AC2A2A20AF007D60D5 /* Release */ = {
			isa = XCBuildConfiguration;
			buildSettings = {
				ASSETCATALOG_COMPILER_APPICON_NAME = AppIcon;
				ASSETCATALOG_COMPILER_GLOBAL_ACCENT_COLOR_NAME = AccentColor;
				CODE_SIGN_STYLE = Manual;
				CURRENT_PROJECT_VERSION = 1;
				DEVELOPMENT_TEAM = "";
				GENERATE_INFOPLIST_FILE = YES;
				INFOPLIST_FILE = OpenWeatherApp/Info.plist;
				INFOPLIST_KEY_UIApplicationSupportsIndirectInputEvents = YES;
				INFOPLIST_KEY_UILaunchStoryboardName = LaunchScreen;
				INFOPLIST_KEY_UIMainStoryboardFile = Main;
				INFOPLIST_KEY_UISupportedInterfaceOrientations_iPad = "UIInterfaceOrientationPortrait UIInterfaceOrientationPortraitUpsideDown UIInterfaceOrientationLandscapeLeft UIInterfaceOrientationLandscapeRight";
				INFOPLIST_KEY_UISupportedInterfaceOrientations_iPhone = "UIInterfaceOrientationPortrait UIInterfaceOrientationLandscapeLeft UIInterfaceOrientationLandscapeRight";
				LD_RUNPATH_SEARCH_PATHS = (
					"$(inherited)",
					"@executable_path/Frameworks",
				);
				MARKETING_VERSION = 1.0;
				PRODUCT_BUNDLE_IDENTIFIER = com.openweather.sample.app.OpenWeatherApp;
				PRODUCT_NAME = "$(TARGET_NAME)";
				PROVISIONING_PROFILE_SPECIFIER = "";
				SWIFT_EMIT_LOC_STRINGS = YES;
				SWIFT_VERSION = 5.0;
				TARGETED_DEVICE_FAMILY = "1,2";
			};
			name = Release;
		};
/* End XCBuildConfiguration section */

/* Begin XCConfigurationList section */
		2A3218912A2A20AD007D60D5 /* Build configuration list for PBXProject "OpenWeatherApp" */ = {
			isa = XCConfigurationList;
			buildConfigurations = (
				2A3218A82A2A20AF007D60D5 /* Debug */,
				2A3218A92A2A20AF007D60D5 /* Release */,
			);
			defaultConfigurationIsVisible = 0;
			defaultConfigurationName = Release;
		};
		2A3218AA2A2A20AF007D60D5 /* Build configuration list for PBXNativeTarget "OpenWeatherApp" */ = {
			isa = XCConfigurationList;
			buildConfigurations = (
				2A3218AB2A2A20AF007D60D5 /* Debug */,
				2A3218AC2A2A20AF007D60D5 /* Release */,
			);
			defaultConfigurationIsVisible = 0;
			defaultConfigurationName = Release;
		};
/* End XCConfigurationList section */
	};
	rootObject = 2A32188E2A2A20AD007D60D5 /* Project object */;
}
